
Microsoft Visual Studio Solution File, Format Version 12.00
# Visual Studio Version 16
VisualStudioVersion = 16.0.30011.22
MinimumVisualStudioVersion = 10.0.40219.1
Project("{FAE04EC0-301F-11D3-BF4B-00C04F79EFBC}") = "HabrQnaNetSamples", "HabrQnaNetSamples.csproj", "{919E05A5-BA57-460E-9082-5E66B94A7DD6}"
EndProject
Global
	GlobalSection(SolutionConfigurationPlatforms) = preSolution
		Debug|Any CPU = Debug|Any CPU
		Release|Any CPU = Release|Any CPU
	EndGlobalSection
	GlobalSection(ProjectConfigurationPlatforms) = postSolution
		{919E05A5-BA57-460E-9082-5E66B94A7DD6}.Debug|Any CPU.ActiveCfg = Debug|Any CPU
		{919E05A5-BA57-460E-9082-5E66B94A7DD6}.Debug|Any CPU.Build.0 = Debug|Any CPU
		{919E05A5-BA57-460E-9082-5E66B94A7DD6}.Release|Any CPU.ActiveCfg = Release|Any CPU
		{919E05A5-BA57-460E-9082-5E66B94A7DD6}.Release|Any CPU.Build.0 = Release|Any CPU
	EndGlobalSection
	GlobalSection(SolutionProperties) = preSolution
		HideSolutionNode = FALSE
	EndGlobalSection
	GlobalSection(ExtensibilityGlobals) = postSolution
		SolutionGuid = {181AC267-BC9A-4721-A602-EBDC5057CE4E}
	EndGlobalSection
EndGlobal
